
Microsoft Visual Studio Solution File, Format Version 12.00
# Visual Studio 15
VisualStudioVersion = 15.0.28307.960
MinimumVisualStudioVersion = 10.0.40219.1
Project("{FAE04EC0-301F-11D3-BF4B-00C04F79EFBC}") = "ParkingSystem", "ParkingSystem\ParkingSystem.csproj", "{3A059686-A3CC-41A1-B4D5-993E2D11A753}"
EndProject
Project("{FAE04EC0-301F-11D3-BF4B-00C04F79EFBC}") = "UnitTestProject", "UnitTestProject\UnitTestProject.csproj", "{CEC4504E-5F2F-484C-902C-BEEC60AFF9F2}"
EndProject
Global
	GlobalSection(SolutionConfigurationPlatforms) = preSolution
		Debug|Any CPU = Debug|Any CPU
		Release|Any CPU = Release|Any CPU
	EndGlobalSection
	GlobalSection(ProjectConfigurationPlatforms) = postSolution
		{3A059686-A3CC-41A1-B4D5-993E2D11A753}.Debug|Any CPU.ActiveCfg = Debug|Any CPU
		{3A059686-A3CC-41A1-B4D5-993E2D11A753}.Debug|Any CPU.Build.0 = Debug|Any CPU
		{3A059686-A3CC-41A1-B4D5-993E2D11A753}.Release|Any CPU.ActiveCfg = Release|Any CPU
		{3A059686-A3CC-41A1-B4D5-993E2D11A753}.Release|Any CPU.Build.0 = Release|Any CPU
		{CEC4504E-5F2F-484C-902C-BEEC60AFF9F2}.Debug|Any CPU.ActiveCfg = Debug|Any CPU
		{CEC4504E-5F2F-484C-902C-BEEC60AFF9F2}.Debug|Any CPU.Build.0 = Debug|Any CPU
		{CEC4504E-5F2F-484C-902C-BEEC60AFF9F2}.Release|Any CPU.ActiveCfg = Release|Any CPU
		{CEC4504E-5F2F-484C-902C-BEEC60AFF9F2}.Release|Any CPU.Build.0 = Release|Any CPU
	EndGlobalSection
	GlobalSection(SolutionProperties) = preSolution
		HideSolutionNode = FALSE
	EndGlobalSection
	GlobalSection(ExtensibilityGlobals) = postSolution
		SolutionGuid = {DA27405B-4AD7-4DA6-A2AD-69EF6FFD539E}
	EndGlobalSection
EndGlobal
